
Microsoft Visual Studio Solution File, Format Version 12.00
# Visual Studio Version 17
VisualStudioVersion = 17.0.31903.59
MinimumVisualStudioVersion = 10.0.40219.1
Project("{FAE04EC0-301F-11D3-BF4B-00C04F79EFBC}") = "NWSDB.Api", "NWSDB.Api\NWSDB.Api.csproj", "{8662B876-0D74-43BB-B963-5DC3E368C8AD}"
EndProject
Project("{FAE04EC0-301F-11D3-BF4B-00C04F79EFBC}") = "Bank.Api", "Bank.Api\Bank.Api.csproj", "{9EA24FA0-CE24-4AB5-94B8-8CA38853133F}"
EndProject
Project("{FAE04EC0-301F-11D3-BF4B-00C04F79EFBC}") = "NWSDB.Website", "NWSDB.Website\NWSDB.Website.csproj", "{98C437F7-1DA8-4D45-8DED-CB4DCBAEDD55}"
EndProject
Project("{FAE04EC0-301F-11D3-BF4B-00C04F79EFBC}") = "ThirdParty.WebApp", "ThirdParty.WebApp\ThirdParty.WebApp.csproj", "{1861C748-B952-4ACA-8120-F12D4FA0B67D}"
EndProject
Project("{FAE04EC0-301F-11D3-BF4B-00C04F79EFBC}") = "NWSDB.Tests", "NWSDB.Tests\NWSDB.Tests.csproj", "{B3056985-4DA2-4539-A5C6-CD8FE86E34BB}"
EndProject
Global
	GlobalSection(SolutionConfigurationPlatforms) = preSolution
		Debug|Any CPU = Debug|Any CPU
		Release|Any CPU = Release|Any CPU
	EndGlobalSection
	GlobalSection(SolutionProperties) = preSolution
		HideSolutionNode = FALSE
	EndGlobalSection
	GlobalSection(ProjectConfigurationPlatforms) = postSolution
		{8662B876-0D74-43BB-B963-5DC3E368C8AD}.Debug|Any CPU.ActiveCfg = Debug|Any CPU
		{8662B876-0D74-43BB-B963-5DC3E368C8AD}.Debug|Any CPU.Build.0 = Debug|Any CPU
		{8662B876-0D74-43BB-B963-5DC3E368C8AD}.Release|Any CPU.ActiveCfg = Release|Any CPU
		{8662B876-0D74-43BB-B963-5DC3E368C8AD}.Release|Any CPU.Build.0 = Release|Any CPU
		{9EA24FA0-CE24-4AB5-94B8-8CA38853133F}.Debug|Any CPU.ActiveCfg = Debug|Any CPU
		{9EA24FA0-CE24-4AB5-94B8-8CA38853133F}.Debug|Any CPU.Build.0 = Debug|Any CPU
		{9EA24FA0-CE24-4AB5-94B8-8CA38853133F}.Release|Any CPU.ActiveCfg = Release|Any CPU
		{9EA24FA0-CE24-4AB5-94B8-8CA38853133F}.Release|Any CPU.Build.0 = Release|Any CPU
		{98C437F7-1DA8-4D45-8DED-CB4DCBAEDD55}.Debug|Any CPU.ActiveCfg = Debug|Any CPU
		{98C437F7-1DA8-4D45-8DED-CB4DCBAEDD55}.Debug|Any CPU.Build.0 = Debug|Any CPU
		{98C437F7-1DA8-4D45-8DED-CB4DCBAEDD55}.Release|Any CPU.ActiveCfg = Release|Any CPU
		{98C437F7-1DA8-4D45-8DED-CB4DCBAEDD55}.Release|Any CPU.Build.0 = Release|Any CPU
		{1861C748-B952-4ACA-8120-F12D4FA0B67D}.Debug|Any CPU.ActiveCfg = Debug|Any CPU
		{1861C748-B952-4ACA-8120-F12D4FA0B67D}.Debug|Any CPU.Build.0 = Debug|Any CPU
		{1861C748-B952-4ACA-8120-F12D4FA0B67D}.Release|Any CPU.ActiveCfg = Release|Any CPU
		{1861C748-B952-4ACA-8120-F12D4FA0B67D}.Release|Any CPU.Build.0 = Release|Any CPU
		{B3056985-4DA2-4539-A5C6-CD8FE86E34BB}.Debug|Any CPU.ActiveCfg = Debug|Any CPU
		{B3056985-4DA2-4539-A5C6-CD8FE86E34BB}.Debug|Any CPU.Build.0 = Debug|Any CPU
		{B3056985-4DA2-4539-A5C6-CD8FE86E34BB}.Release|Any CPU.ActiveCfg = Release|Any CPU
		{B3056985-4DA2-4539-A5C6-CD8FE86E34BB}.Release|Any CPU.Build.0 = Release|Any CPU
	EndGlobalSection
EndGlobal
